
Microsoft Visual Studio Solution File, Format Version 12.00
# Visual Studio Version 17
VisualStudioVersion = 17.5.002.0
MinimumVisualStudioVersion = 10.0.40219.1
Project("{9A19103F-16F7-4668-BE54-9A1E7A4F7556}") = "onboarding", "onboarding.csproj", "{B93A42A3-43B7-44B1-84AD-F0BB061CD6AA}"
EndProject
Global
	GlobalSection(SolutionConfigurationPlatforms) = preSolution
		Debug|Any CPU = Debug|Any CPU
		Release|Any CPU = Release|Any CPU
	EndGlobalSection
	GlobalSection(ProjectConfigurationPlatforms) = postSolution
		{B93A42A3-43B7-44B1-84AD-F0BB061CD6AA}.Debug|Any CPU.ActiveCfg = Debug|Any CPU
		{B93A42A3-43B7-44B1-84AD-F0BB061CD6AA}.Debug|Any CPU.Build.0 = Debug|Any CPU
		{B93A42A3-43B7-44B1-84AD-F0BB061CD6AA}.Release|Any CPU.ActiveCfg = Release|Any CPU
		{B93A42A3-43B7-44B1-84AD-F0BB061CD6AA}.Release|Any CPU.Build.0 = Release|Any CPU
	EndGlobalSection
	GlobalSection(SolutionProperties) = preSolution
		HideSolutionNode = FALSE
	EndGlobalSection
	GlobalSection(ExtensibilityGlobals) = postSolution
		SolutionGuid = {7A1451B6-A7D2-4E9C-B2BD-BC3DFC5A0D94}
	EndGlobalSection
EndGlobal
